{
  "name": "c8y-session-1password-extension",
  "version": "1.0.0",
  "lockfileVersion": 3,
  "requires": true,
  "packages": {
    "": {
      "name": "c8y-session-1password-extension",
      "version": "1.0.0",
      "license": "MIT",
      "engines": {
        "node": ">=16"
      }
    }
  }
}
